
Microsoft Visual Studio Solution File, Format Version 12.00
# Visual Studio Version 17
VisualStudioVersion = 17.5.002.0
MinimumVisualStudioVersion = 10.0.40219.1
Project("{9A19103F-16F7-4668-BE54-9A1E7A4F7556}") = "passarinho", "passarinho\passarinho.csproj", "{3ACC447F-DB94-48BC-AAAF-8DACAD18BD3A}"
EndProject
Global
	GlobalSection(SolutionConfigurationPlatforms) = preSolution
		Debug|Any CPU = Debug|Any CPU
		Release|Any CPU = Release|Any CPU
	EndGlobalSection
	GlobalSection(ProjectConfigurationPlatforms) = postSolution
		{3ACC447F-DB94-48BC-AAAF-8DACAD18BD3A}.Debug|Any CPU.ActiveCfg = Debug|Any CPU
		{3ACC447F-DB94-48BC-AAAF-8DACAD18BD3A}.Debug|Any CPU.Build.0 = Debug|Any CPU
		{3ACC447F-DB94-48BC-AAAF-8DACAD18BD3A}.Release|Any CPU.ActiveCfg = Release|Any CPU
		{3ACC447F-DB94-48BC-AAAF-8DACAD18BD3A}.Release|Any CPU.Build.0 = Release|Any CPU
	EndGlobalSection
	GlobalSection(SolutionProperties) = preSolution
		HideSolutionNode = FALSE
	EndGlobalSection
	GlobalSection(ExtensibilityGlobals) = postSolution
		SolutionGuid = {34BAE81C-97CF-4511-B2B3-43CB46E795E3}
	EndGlobalSection
EndGlobal
